
Microsoft Visual Studio Solution File, Format Version 12.00
# Visual Studio Version 17
VisualStudioVersion = 17.1.32328.378
MinimumVisualStudioVersion = 10.0.40219.1
Project("{FAE04EC0-301F-11D3-BF4B-00C04F79EFBC}") = "BankAccount", "BankAccount\BankAccount.csproj", "{6CA4E0EA-32A1-4836-B839-F6D74FB14705}"
EndProject
Project("{FAE04EC0-301F-11D3-BF4B-00C04F79EFBC}") = "BankAccountTests", "BankAccountTests\BankAccountTests.csproj", "{56FEAE19-7928-4A36-8CE8-B7E2CB6A6D95}"
EndProject
Global
	GlobalSection(SolutionConfigurationPlatforms) = preSolution
		Debug|Any CPU = Debug|Any CPU
		Release|Any CPU = Release|Any CPU
	EndGlobalSection
	GlobalSection(ProjectConfigurationPlatforms) = postSolution
		{6CA4E0EA-32A1-4836-B839-F6D74FB14705}.Debug|Any CPU.ActiveCfg = Debug|Any CPU
		{6CA4E0EA-32A1-4836-B839-F6D74FB14705}.Debug|Any CPU.Build.0 = Debug|Any CPU
		{6CA4E0EA-32A1-4836-B839-F6D74FB14705}.Release|Any CPU.ActiveCfg = Release|Any CPU
		{6CA4E0EA-32A1-4836-B839-F6D74FB14705}.Release|Any CPU.Build.0 = Release|Any CPU
		{56FEAE19-7928-4A36-8CE8-B7E2CB6A6D95}.Debug|Any CPU.ActiveCfg = Debug|Any CPU
		{56FEAE19-7928-4A36-8CE8-B7E2CB6A6D95}.Debug|Any CPU.Build.0 = Debug|Any CPU
		{56FEAE19-7928-4A36-8CE8-B7E2CB6A6D95}.Release|Any CPU.ActiveCfg = Release|Any CPU
		{56FEAE19-7928-4A36-8CE8-B7E2CB6A6D95}.Release|Any CPU.Build.0 = Release|Any CPU
	EndGlobalSection
	GlobalSection(SolutionProperties) = preSolution
		HideSolutionNode = FALSE
	EndGlobalSection
	GlobalSection(ExtensibilityGlobals) = postSolution
		SolutionGuid = {B0E0A835-F34E-4528-AF02-0253229C27F3}
	EndGlobalSection
EndGlobal
